
Microsoft Visual Studio Solution File, Format Version 12.00
# Visual Studio 15
VisualStudioVersion = 15.0.27703.2035
MinimumVisualStudioVersion = 10.0.40219.1
Project("{9A19103F-16F7-4668-BE54-9A1E7A4F7556}") = "DotNetCoreConfigDemo", "DotNetCoreConfigDemo\DotNetCoreConfigDemo.csproj", "{220447A7-6FEF-42ED-9D83-F2B2F6D12848}"
	ProjectSection(ProjectDependencies) = postProject
		{4D9697AA-4522-4043-9AA1-F7BDCBB845D3} = {4D9697AA-4522-4043-9AA1-F7BDCBB845D3}
	EndProjectSection
EndProject
Project("{9A19103F-16F7-4668-BE54-9A1E7A4F7556}") = "NewCShap7xFeatures", "NewCShap7xFeatures\NewCShap7xFeatures.csproj", "{5047FFB5-2C97-4621-9EBA-B1048073F64D}"
EndProject
Project("{9A19103F-16F7-4668-BE54-9A1E7A4F7556}") = "CommonUtils", "CommonUtils\CommonUtils.csproj", "{4D9697AA-4522-4043-9AA1-F7BDCBB845D3}"
EndProject
Project("{9A19103F-16F7-4668-BE54-9A1E7A4F7556}") = "WebApiWithStaticPage", "WebApiWithStaticPage\WebApiWithStaticPage.csproj", "{F5FFAD8F-31BB-4BF3-89D1-2E810164A1DA}"
EndProject
Project("{9A19103F-16F7-4668-BE54-9A1E7A4F7556}") = "NewAPIExploration", "NewAPIExploration\NewAPIExploration.csproj", "{5CEE3463-DB3A-4C1D-8D83-AE4D3FE05F4B}"
EndProject
Project("{FAE04EC0-301F-11D3-BF4B-00C04F79EFBC}") = "MeasureAppPerf", "MeasureAppPerf\MeasureAppPerf.csproj", "{45FF89D2-9D0E-45BB-B7E4-BF13D69888CD}"
EndProject
Global
	GlobalSection(SolutionConfigurationPlatforms) = preSolution
		Debug|Any CPU = Debug|Any CPU
		Release|Any CPU = Release|Any CPU
	EndGlobalSection
	GlobalSection(ProjectConfigurationPlatforms) = postSolution
		{220447A7-6FEF-42ED-9D83-F2B2F6D12848}.Debug|Any CPU.ActiveCfg = Debug|Any CPU
		{220447A7-6FEF-42ED-9D83-F2B2F6D12848}.Debug|Any CPU.Build.0 = Debug|Any CPU
		{220447A7-6FEF-42ED-9D83-F2B2F6D12848}.Release|Any CPU.ActiveCfg = Release|Any CPU
		{220447A7-6FEF-42ED-9D83-F2B2F6D12848}.Release|Any CPU.Build.0 = Release|Any CPU
		{5047FFB5-2C97-4621-9EBA-B1048073F64D}.Debug|Any CPU.ActiveCfg = Debug|Any CPU
		{5047FFB5-2C97-4621-9EBA-B1048073F64D}.Debug|Any CPU.Build.0 = Debug|Any CPU
		{5047FFB5-2C97-4621-9EBA-B1048073F64D}.Release|Any CPU.ActiveCfg = Release|Any CPU
		{5047FFB5-2C97-4621-9EBA-B1048073F64D}.Release|Any CPU.Build.0 = Release|Any CPU
		{4D9697AA-4522-4043-9AA1-F7BDCBB845D3}.Debug|Any CPU.ActiveCfg = Debug|Any CPU
		{4D9697AA-4522-4043-9AA1-F7BDCBB845D3}.Debug|Any CPU.Build.0 = Debug|Any CPU
		{4D9697AA-4522-4043-9AA1-F7BDCBB845D3}.Release|Any CPU.ActiveCfg = Release|Any CPU
		{4D9697AA-4522-4043-9AA1-F7BDCBB845D3}.Release|Any CPU.Build.0 = Release|Any CPU
		{F5FFAD8F-31BB-4BF3-89D1-2E810164A1DA}.Debug|Any CPU.ActiveCfg = Debug|Any CPU
		{F5FFAD8F-31BB-4BF3-89D1-2E810164A1DA}.Debug|Any CPU.Build.0 = Debug|Any CPU
		{F5FFAD8F-31BB-4BF3-89D1-2E810164A1DA}.Release|Any CPU.ActiveCfg = Release|Any CPU
		{F5FFAD8F-31BB-4BF3-89D1-2E810164A1DA}.Release|Any CPU.Build.0 = Release|Any CPU
		{5CEE3463-DB3A-4C1D-8D83-AE4D3FE05F4B}.Debug|Any CPU.ActiveCfg = Debug|Any CPU
		{5CEE3463-DB3A-4C1D-8D83-AE4D3FE05F4B}.Debug|Any CPU.Build.0 = Debug|Any CPU
		{5CEE3463-DB3A-4C1D-8D83-AE4D3FE05F4B}.Release|Any CPU.ActiveCfg = Release|Any CPU
		{5CEE3463-DB3A-4C1D-8D83-AE4D3FE05F4B}.Release|Any CPU.Build.0 = Release|Any CPU
		{45FF89D2-9D0E-45BB-B7E4-BF13D69888CD}.Debug|Any CPU.ActiveCfg = Debug|Any CPU
		{45FF89D2-9D0E-45BB-B7E4-BF13D69888CD}.Debug|Any CPU.Build.0 = Debug|Any CPU
		{45FF89D2-9D0E-45BB-B7E4-BF13D69888CD}.Release|Any CPU.ActiveCfg = Release|Any CPU
		{45FF89D2-9D0E-45BB-B7E4-BF13D69888CD}.Release|Any CPU.Build.0 = Release|Any CPU
	EndGlobalSection
	GlobalSection(SolutionProperties) = preSolution
		HideSolutionNode = FALSE
	EndGlobalSection
	GlobalSection(ExtensibilityGlobals) = postSolution
		SolutionGuid = {A039E818-634E-4C89-A30C-1B44601229D8}
	EndGlobalSection
EndGlobal
