
Microsoft Visual Studio Solution File, Format Version 12.00
# Visual Studio Version 17
VisualStudioVersion = 17.1.32210.238
MinimumVisualStudioVersion = 10.0.40219.1
Project("{9A19103F-16F7-4668-BE54-9A1E7A4F7556}") = "Demofunction", "src\Demofunction\Demofunction.csproj", "{938694C1-AFA9-48F0-A372-1475A8409E51}"
EndProject
Project("{9A19103F-16F7-4668-BE54-9A1E7A4F7556}") = "Demofunction2", "..\Demofunction2\src\Demofunction2\Demofunction2.csproj", "{789CDB40-5642-4F8F-B60D-BBC83041503C}"
EndProject
Project("{9A19103F-16F7-4668-BE54-9A1E7A4F7556}") = "Demo3", "Demo3\src\Demo3\Demo3.csproj", "{0E3D45D4-7C61-429B-9FBB-0BAFF3153910}"
EndProject
Project("{9A19103F-16F7-4668-BE54-9A1E7A4F7556}") = "LambdaSimpleS3", "LambdaSimpleS3\src\LambdaSimpleS3\LambdaSimpleS3.csproj", "{F2A23284-0D7B-4747-8727-7FE956E79EA7}"
EndProject
Project("{FAE04EC0-301F-11D3-BF4B-00C04F79EFBC}") = "SimpleAWSClientTest", "SimpleAWSClientTest\SimpleAWSClientTest.csproj", "{B70211ED-9B71-4BEA-9222-3AFE06694381}"
EndProject
Global
	GlobalSection(SolutionConfigurationPlatforms) = preSolution
		Debug|Any CPU = Debug|Any CPU
		Release|Any CPU = Release|Any CPU
	EndGlobalSection
	GlobalSection(ProjectConfigurationPlatforms) = postSolution
		{938694C1-AFA9-48F0-A372-1475A8409E51}.Debug|Any CPU.ActiveCfg = Debug|Any CPU
		{938694C1-AFA9-48F0-A372-1475A8409E51}.Debug|Any CPU.Build.0 = Debug|Any CPU
		{938694C1-AFA9-48F0-A372-1475A8409E51}.Release|Any CPU.ActiveCfg = Release|Any CPU
		{938694C1-AFA9-48F0-A372-1475A8409E51}.Release|Any CPU.Build.0 = Release|Any CPU
		{789CDB40-5642-4F8F-B60D-BBC83041503C}.Debug|Any CPU.ActiveCfg = Debug|Any CPU
		{789CDB40-5642-4F8F-B60D-BBC83041503C}.Debug|Any CPU.Build.0 = Debug|Any CPU
		{789CDB40-5642-4F8F-B60D-BBC83041503C}.Release|Any CPU.ActiveCfg = Release|Any CPU
		{789CDB40-5642-4F8F-B60D-BBC83041503C}.Release|Any CPU.Build.0 = Release|Any CPU
		{0E3D45D4-7C61-429B-9FBB-0BAFF3153910}.Debug|Any CPU.ActiveCfg = Debug|Any CPU
		{0E3D45D4-7C61-429B-9FBB-0BAFF3153910}.Debug|Any CPU.Build.0 = Debug|Any CPU
		{0E3D45D4-7C61-429B-9FBB-0BAFF3153910}.Release|Any CPU.ActiveCfg = Release|Any CPU
		{0E3D45D4-7C61-429B-9FBB-0BAFF3153910}.Release|Any CPU.Build.0 = Release|Any CPU
		{F2A23284-0D7B-4747-8727-7FE956E79EA7}.Debug|Any CPU.ActiveCfg = Debug|Any CPU
		{F2A23284-0D7B-4747-8727-7FE956E79EA7}.Debug|Any CPU.Build.0 = Debug|Any CPU
		{F2A23284-0D7B-4747-8727-7FE956E79EA7}.Release|Any CPU.ActiveCfg = Release|Any CPU
		{F2A23284-0D7B-4747-8727-7FE956E79EA7}.Release|Any CPU.Build.0 = Release|Any CPU
		{B70211ED-9B71-4BEA-9222-3AFE06694381}.Debug|Any CPU.ActiveCfg = Debug|Any CPU
		{B70211ED-9B71-4BEA-9222-3AFE06694381}.Debug|Any CPU.Build.0 = Debug|Any CPU
		{B70211ED-9B71-4BEA-9222-3AFE06694381}.Release|Any CPU.ActiveCfg = Release|Any CPU
		{B70211ED-9B71-4BEA-9222-3AFE06694381}.Release|Any CPU.Build.0 = Release|Any CPU
	EndGlobalSection
	GlobalSection(SolutionProperties) = preSolution
		HideSolutionNode = FALSE
	EndGlobalSection
	GlobalSection(ExtensibilityGlobals) = postSolution
		SolutionGuid = {5AA39A16-3FF6-436E-8381-85EFCCD22A04}
	EndGlobalSection
EndGlobal
